
Microsoft Visual Studio Solution File, Format Version 12.00
# Visual Studio 14
VisualStudioVersion = 14.0.25420.1
MinimumVisualStudioVersion = 10.0.40219.1
Project("{2150E333-8FDC-42A3-9474-1A3956D46DE8}") = "src", "src", "{99394E86-AE73-4FB9-AE19-B06ABC4759A9}"
EndProject
Project("{2150E333-8FDC-42A3-9474-1A3956D46DE8}") = "Solution Items", "Solution Items", "{2884F6F0-AE09-48E4-BE84-1AE451F31A5E}"
	ProjectSection(SolutionItems) = preProject
		.gitattributes = .gitattributes
		.gitignore = .gitignore
		global.json = global.json
	EndProjectSection
EndProject
Project("{8BB2217D-0F2D-49D1-97BC-3654ED321F3B}") = "AnnualTimeSeries", "src\AnnualTimeSeries\AnnualTimeSeries.xproj", "{64560BB9-FDEA-4879-9E41-445C5EF1C5A9}"
EndProject
Project("{2150E333-8FDC-42A3-9474-1A3956D46DE8}") = "test", "test", "{E1F1876C-3FEF-48FD-A96C-94A8D0131E02}"
EndProject
Project("{8BB2217D-0F2D-49D1-97BC-3654ED321F3B}") = "AnnualTimeSeriesTests", "test\AnnualTimeSeriesTests\AnnualTimeSeriesTests.xproj", "{9C9A1114-6553-4839-9D69-80D653E9C7D1}"
EndProject
Global
	GlobalSection(SolutionConfigurationPlatforms) = preSolution
		Debug|Any CPU = Debug|Any CPU
		Release|Any CPU = Release|Any CPU
	EndGlobalSection
	GlobalSection(ProjectConfigurationPlatforms) = postSolution
		{64560BB9-FDEA-4879-9E41-445C5EF1C5A9}.Debug|Any CPU.ActiveCfg = Debug|Any CPU
		{64560BB9-FDEA-4879-9E41-445C5EF1C5A9}.Debug|Any CPU.Build.0 = Debug|Any CPU
		{64560BB9-FDEA-4879-9E41-445C5EF1C5A9}.Release|Any CPU.ActiveCfg = Release|Any CPU
		{64560BB9-FDEA-4879-9E41-445C5EF1C5A9}.Release|Any CPU.Build.0 = Release|Any CPU
		{9C9A1114-6553-4839-9D69-80D653E9C7D1}.Debug|Any CPU.ActiveCfg = Debug|Any CPU
		{9C9A1114-6553-4839-9D69-80D653E9C7D1}.Debug|Any CPU.Build.0 = Debug|Any CPU
		{9C9A1114-6553-4839-9D69-80D653E9C7D1}.Release|Any CPU.ActiveCfg = Release|Any CPU
		{9C9A1114-6553-4839-9D69-80D653E9C7D1}.Release|Any CPU.Build.0 = Release|Any CPU
	EndGlobalSection
	GlobalSection(SolutionProperties) = preSolution
		HideSolutionNode = FALSE
	EndGlobalSection
	GlobalSection(NestedProjects) = preSolution
		{64560BB9-FDEA-4879-9E41-445C5EF1C5A9} = {99394E86-AE73-4FB9-AE19-B06ABC4759A9}
		{9C9A1114-6553-4839-9D69-80D653E9C7D1} = {E1F1876C-3FEF-48FD-A96C-94A8D0131E02}
	EndGlobalSection
EndGlobal
